Microsoft Visual Studio Solution File, Format Version 12.00
# Visual Studio Version 17
VisualStudioVersion = 17.0.31903.2
MinimumVisualStudioVersion = 10.0.40219.1
Project("{FAE04EC1-603F-11D3-A2C2-00C04FD8D855}") = "Sports-Sebastian-Vargas", "Sports-Sebastian-Vargas.csproj", "{A1B2C3D4-E5F6-7890-ABCD-EF1234567890}"
EndProject
Global
	GlobalSection(SolutionProperties) = preSolution
		HideSolutionNode = FALSE
	EndGlobalSection
EndGlobal